
Microsoft Visual Studio Solution File, Format Version 12.00
# Visual Studio Version 17
VisualStudioVersion = 17.11.35327.3
MinimumVisualStudioVersion = 10.0.40219.1
Project("{9A19103F-16F7-4668-BE54-9A1E7A4F7556}") = "WfInicial", "WfInicial\WfInicial.csproj", "{4F89FA69-9631-41CF-83A2-CC3A0EE0DF05}"
EndProject
Project("{9A19103F-16F7-4668-BE54-9A1E7A4F7556}") = "C_revisao", "C_revisao\C_revisao.csproj", "{D78F01AB-E607-47AA-B98F-425C4DEEFE84}"
EndProject
Project("{9A19103F-16F7-4668-BE54-9A1E7A4F7556}") = "Cex2", "Cex2\Cex2.csproj", "{26644136-2873-4AD9-8882-B432C0E92568}"
EndProject
Project("{9A19103F-16F7-4668-BE54-9A1E7A4F7556}") = "Cex3", "Cex3\Cex3.csproj", "{55742643-32C0-4AC5-BE37-2C4B7FE679E8}"
EndProject
Project("{FAE04EC0-301F-11D3-BF4B-00C04F79EFBC}") = "Cex4", "Cex4\Cex4.csproj", "{3F0C8B83-48CA-494D-ACD2-95A6C1BBC451}"
EndProject
Project("{FAE04EC0-301F-11D3-BF4B-00C04F79EFBC}") = "Cex5", "Cex5\Cex5.csproj", "{1D09A1BE-1CD4-4EF5-94A2-6521EDE62453}"
EndProject
Project("{FAE04EC0-301F-11D3-BF4B-00C04F79EFBC}") = "Cex6", "Cex6\Cex6.csproj", "{12615CDE-B54F-4A81-9325-423D0F440034}"
EndProject
Project("{FAE04EC0-301F-11D3-BF4B-00C04F79EFBC}") = "Cex7", "Cex7\Cex7.csproj", "{A424C856-DECB-4296-9B5B-C3404495937C}"
EndProject
Global
	GlobalSection(SolutionConfigurationPlatforms) = preSolution
		Debug|Any CPU = Debug|Any CPU
		Release|Any CPU = Release|Any CPU
	EndGlobalSection
	GlobalSection(ProjectConfigurationPlatforms) = postSolution
		{4F89FA69-9631-41CF-83A2-CC3A0EE0DF05}.Debug|Any CPU.ActiveCfg = Debug|Any CPU
		{4F89FA69-9631-41CF-83A2-CC3A0EE0DF05}.Debug|Any CPU.Build.0 = Debug|Any CPU
		{4F89FA69-9631-41CF-83A2-CC3A0EE0DF05}.Release|Any CPU.ActiveCfg = Release|Any CPU
		{4F89FA69-9631-41CF-83A2-CC3A0EE0DF05}.Release|Any CPU.Build.0 = Release|Any CPU
		{D78F01AB-E607-47AA-B98F-425C4DEEFE84}.Debug|Any CPU.ActiveCfg = Debug|Any CPU
		{D78F01AB-E607-47AA-B98F-425C4DEEFE84}.Debug|Any CPU.Build.0 = Debug|Any CPU
		{D78F01AB-E607-47AA-B98F-425C4DEEFE84}.Release|Any CPU.ActiveCfg = Release|Any CPU
		{D78F01AB-E607-47AA-B98F-425C4DEEFE84}.Release|Any CPU.Build.0 = Release|Any CPU
		{26644136-2873-4AD9-8882-B432C0E92568}.Debug|Any CPU.ActiveCfg = Debug|Any CPU
		{26644136-2873-4AD9-8882-B432C0E92568}.Debug|Any CPU.Build.0 = Debug|Any CPU
		{26644136-2873-4AD9-8882-B432C0E92568}.Release|Any CPU.ActiveCfg = Release|Any CPU
		{26644136-2873-4AD9-8882-B432C0E92568}.Release|Any CPU.Build.0 = Release|Any CPU
		{55742643-32C0-4AC5-BE37-2C4B7FE679E8}.Debug|Any CPU.ActiveCfg = Debug|Any CPU
		{55742643-32C0-4AC5-BE37-2C4B7FE679E8}.Debug|Any CPU.Build.0 = Debug|Any CPU
		{55742643-32C0-4AC5-BE37-2C4B7FE679E8}.Release|Any CPU.ActiveCfg = Release|Any CPU
		{55742643-32C0-4AC5-BE37-2C4B7FE679E8}.Release|Any CPU.Build.0 = Release|Any CPU
		{3F0C8B83-48CA-494D-ACD2-95A6C1BBC451}.Debug|Any CPU.ActiveCfg = Debug|Any CPU
		{3F0C8B83-48CA-494D-ACD2-95A6C1BBC451}.Debug|Any CPU.Build.0 = Debug|Any CPU
		{3F0C8B83-48CA-494D-ACD2-95A6C1BBC451}.Release|Any CPU.ActiveCfg = Release|Any CPU
		{3F0C8B83-48CA-494D-ACD2-95A6C1BBC451}.Release|Any CPU.Build.0 = Release|Any CPU
		{1D09A1BE-1CD4-4EF5-94A2-6521EDE62453}.Debug|Any CPU.ActiveCfg = Debug|Any CPU
		{1D09A1BE-1CD4-4EF5-94A2-6521EDE62453}.Debug|Any CPU.Build.0 = Debug|Any CPU
		{1D09A1BE-1CD4-4EF5-94A2-6521EDE62453}.Release|Any CPU.ActiveCfg = Release|Any CPU
		{1D09A1BE-1CD4-4EF5-94A2-6521EDE62453}.Release|Any CPU.Build.0 = Release|Any CPU
		{12615CDE-B54F-4A81-9325-423D0F440034}.Debug|Any CPU.ActiveCfg = Debug|Any CPU
		{12615CDE-B54F-4A81-9325-423D0F440034}.Debug|Any CPU.Build.0 = Debug|Any CPU
		{12615CDE-B54F-4A81-9325-423D0F440034}.Release|Any CPU.ActiveCfg = Release|Any CPU
		{12615CDE-B54F-4A81-9325-423D0F440034}.Release|Any CPU.Build.0 = Release|Any CPU
		{A424C856-DECB-4296-9B5B-C3404495937C}.Debug|Any CPU.ActiveCfg = Debug|Any CPU
		{A424C856-DECB-4296-9B5B-C3404495937C}.Debug|Any CPU.Build.0 = Debug|Any CPU
		{A424C856-DECB-4296-9B5B-C3404495937C}.Release|Any CPU.ActiveCfg = Release|Any CPU
		{A424C856-DECB-4296-9B5B-C3404495937C}.Release|Any CPU.Build.0 = Release|Any CPU
	EndGlobalSection
	GlobalSection(SolutionProperties) = preSolution
		HideSolutionNode = FALSE
	EndGlobalSection
	GlobalSection(ExtensibilityGlobals) = postSolution
		SolutionGuid = {D87C33B3-DF26-4065-A43C-D6B951C77855}
	EndGlobalSection
EndGlobal
